github.com/conduitio/conduit v0.14.0 h1:qRok8u1SdEBZdpT1DyeaX/9u0Sl9xgVQDTXKDEKFqoA=
github.com/conduitio/conduit v0.14.0/go.mod h1:0zSs7Aq4Er5lEYs45hf384hTSAphKbu3Tj2VxfR7T44=
github.com/matryer/is v1.4.1 h1:55ehd8zaGABKLXQUe2awZ99BD/PTc2ls+KV/dXphgEQ=
github.com/matryer/is v1.4.1/go.mod h1:8I/i5uYgLzgsgEloJE1U6xx5HkBQpAZvepWuujKwMRU=
github.com/stealthrocket/wazergo v0.19.1 h1:BPrITETPgSFwiytwmToO0MbUC/+RGC39JScz1JmmG6c=
github.com/stealthrocket/wazergo v0.19.1/go.mod h1:riI0hxw4ndZA5e6z7PesHg2BtTftcZaMxRcoiGGipTs=
github.com/tetratelabs/wazero v1.9.0 h1:IcZ56OuxrtaEz8UYNRHBrUa9bYeX9oVY93KspZZBf/I=
github.com/tetratelabs/wazero v1.9.0/go.mod h1:TSbcXCfFP0L2FGkRPxHphadXPjo1T6W+CseNNY7EkjM=
golang.org/x/xerrors v0.0.0-20231012003039-104605ab7028 h1:+cNy6SZtPcJQH3LJVLOSmiC7MMxXNOb3PU/VUEz+EhU=
golang.org/x/xerrors v0.0.0-20231012003039-104605ab7028/go.mod h1:NDW/Ps6MPRej6fsCIbMTohpP40sJ/P/vI1MoTEGwX90=
